
Microsoft Visual Studio Solution File, Format Version 12.00
# Visual Studio 15
VisualStudioVersion = 15.0.27130.2026
MinimumVisualStudioVersion = 10.0.40219.1
Project("{FAE04EC0-301F-11D3-BF4B-00C04F79EFBC}") = "Collection", "Collection\Collection.csproj", "{820D0D35-F444-421E-8A9F-8EDDA8BD2709}"
EndProject
Global
	GlobalSection(SolutionConfigurationPlatforms) = preSolution
		Debug|Any CPU = Debug|Any CPU
		Release|Any CPU = Release|Any CPU
	EndGlobalSection
	GlobalSection(ProjectConfigurationPlatforms) = postSolution
		{820D0D35-F444-421E-8A9F-8EDDA8BD2709}.Debug|Any CPU.ActiveCfg = Debug|Any CPU
		{820D0D35-F444-421E-8A9F-8EDDA8BD2709}.Debug|Any CPU.Build.0 = Debug|Any CPU
		{820D0D35-F444-421E-8A9F-8EDDA8BD2709}.Release|Any CPU.ActiveCfg = Release|Any CPU
		{820D0D35-F444-421E-8A9F-8EDDA8BD2709}.Release|Any CPU.Build.0 = Release|Any CPU
	EndGlobalSection
	GlobalSection(SolutionProperties) = preSolution
		HideSolutionNode = FALSE
	EndGlobalSection
	GlobalSection(ExtensibilityGlobals) = postSolution
		SolutionGuid = {199C96C9-C713-4A51-AF13-B8A973E8CA50}
	EndGlobalSection
EndGlobal
